
Microsoft Visual Studio Solution File, Format Version 12.00
# Visual Studio Version 16
VisualStudioVersion = 16.0.31424.327
MinimumVisualStudioVersion = 10.0.40219.1
Project("{FAE04EC0-301F-11D3-BF4B-00C04F79EFBC}") = "KäsittelyLogiikka", "KäsittelyLogiikka\KäsittelyLogiikka.csproj", "{22BE35A0-F723-4C33-9029-0E597F521D57}"
EndProject
Project("{FAE04EC0-301F-11D3-BF4B-00C04F79EFBC}") = "UI", "UI\UI.csproj", "{3124C5DF-48AE-4417-8DF0-CF9415E1B07F}"
EndProject
Global
	GlobalSection(SolutionConfigurationPlatforms) = preSolution
		Debug|Any CPU = Debug|Any CPU
		Release|Any CPU = Release|Any CPU
	EndGlobalSection
	GlobalSection(ProjectConfigurationPlatforms) = postSolution
		{22BE35A0-F723-4C33-9029-0E597F521D57}.Debug|Any CPU.ActiveCfg = Debug|Any CPU
		{22BE35A0-F723-4C33-9029-0E597F521D57}.Debug|Any CPU.Build.0 = Debug|Any CPU
		{22BE35A0-F723-4C33-9029-0E597F521D57}.Release|Any CPU.ActiveCfg = Release|Any CPU
		{22BE35A0-F723-4C33-9029-0E597F521D57}.Release|Any CPU.Build.0 = Release|Any CPU
		{3124C5DF-48AE-4417-8DF0-CF9415E1B07F}.Debug|Any CPU.ActiveCfg = Debug|Any CPU
		{3124C5DF-48AE-4417-8DF0-CF9415E1B07F}.Debug|Any CPU.Build.0 = Debug|Any CPU
		{3124C5DF-48AE-4417-8DF0-CF9415E1B07F}.Release|Any CPU.ActiveCfg = Release|Any CPU
		{3124C5DF-48AE-4417-8DF0-CF9415E1B07F}.Release|Any CPU.Build.0 = Release|Any CPU
	EndGlobalSection
	GlobalSection(SolutionProperties) = preSolution
		HideSolutionNode = FALSE
	EndGlobalSection
	GlobalSection(ExtensibilityGlobals) = postSolution
		SolutionGuid = {D7354C38-657D-472F-BCF8-4A5D1C28EE9B}
	EndGlobalSection
EndGlobal
